
Microsoft Visual Studio Solution File, Format Version 12.00
# Visual Studio Version 16
VisualStudioVersion = 16.0.31624.102
MinimumVisualStudioVersion = 10.0.40219.1
Project("{FAE04EC0-301F-11D3-BF4B-00C04F79EFBC}") = "KH21SE.Android", "KH21SE\KH21SE.Android\KH21SE.Android.csproj", "{B8EB3FED-3892-4E63-A95A-70532986B20B}"
EndProject
Project("{FAE04EC0-301F-11D3-BF4B-00C04F79EFBC}") = "KH21SE.iOS", "KH21SE\KH21SE.iOS\KH21SE.iOS.csproj", "{2680429A-5BCE-4BF5-AC38-BAE12BA77D0A}"
EndProject
Project("{FAE04EC0-301F-11D3-BF4B-00C04F79EFBC}") = "KH21SE", "KH21SE\KH21SE\KH21SE.csproj", "{758A47AB-1F50-41DF-941D-1C17733C065A}"
EndProject
Global
	GlobalSection(SolutionConfigurationPlatforms) = preSolution
		Debug|Any CPU = Debug|Any CPU
		Debug|iPhone = Debug|iPhone
		Debug|iPhoneSimulator = Debug|iPhoneSimulator
		Release|Any CPU = Release|Any CPU
		Release|iPhone = Release|iPhone
		Release|iPhoneSimulator = Release|iPhoneSimulator
	EndGlobalSection
	GlobalSection(ProjectConfigurationPlatforms) = postSolution
		{B8EB3FED-3892-4E63-A95A-70532986B20B}.Debug|Any CPU.ActiveCfg = Debug|Any CPU
		{B8EB3FED-3892-4E63-A95A-70532986B20B}.Debug|Any CPU.Build.0 = Debug|Any CPU
		{B8EB3FED-3892-4E63-A95A-70532986B20B}.Debug|Any CPU.Deploy.0 = Debug|Any CPU
		{B8EB3FED-3892-4E63-A95A-70532986B20B}.Debug|iPhone.ActiveCfg = Debug|Any CPU
		{B8EB3FED-3892-4E63-A95A-70532986B20B}.Debug|iPhone.Build.0 = Debug|Any CPU
		{B8EB3FED-3892-4E63-A95A-70532986B20B}.Debug|iPhone.Deploy.0 = Debug|Any CPU
		{B8EB3FED-3892-4E63-A95A-70532986B20B}.Debug|iPhoneSimulator.ActiveCfg = Debug|Any CPU
		{B8EB3FED-3892-4E63-A95A-70532986B20B}.Debug|iPhoneSimulator.Build.0 = Debug|Any CPU
		{B8EB3FED-3892-4E63-A95A-70532986B20B}.Debug|iPhoneSimulator.Deploy.0 = Debug|Any CPU
		{B8EB3FED-3892-4E63-A95A-70532986B20B}.Release|Any CPU.ActiveCfg = Release|Any CPU
		{B8EB3FED-3892-4E63-A95A-70532986B20B}.Release|Any CPU.Build.0 = Release|Any CPU
		{B8EB3FED-3892-4E63-A95A-70532986B20B}.Release|Any CPU.Deploy.0 = Release|Any CPU
		{B8EB3FED-3892-4E63-A95A-70532986B20B}.Release|iPhone.ActiveCfg = Release|Any CPU
		{B8EB3FED-3892-4E63-A95A-70532986B20B}.Release|iPhone.Build.0 = Release|Any CPU
		{B8EB3FED-3892-4E63-A95A-70532986B20B}.Release|iPhone.Deploy.0 = Release|Any CPU
		{B8EB3FED-3892-4E63-A95A-70532986B20B}.Release|iPhoneSimulator.ActiveCfg = Release|Any CPU
		{B8EB3FED-3892-4E63-A95A-70532986B20B}.Release|iPhoneSimulator.Build.0 = Release|Any CPU
		{B8EB3FED-3892-4E63-A95A-70532986B20B}.Release|iPhoneSimulator.Deploy.0 = Release|Any CPU
		{2680429A-5BCE-4BF5-AC38-BAE12BA77D0A}.Debug|Any CPU.ActiveCfg = Debug|iPhone
		{2680429A-5BCE-4BF5-AC38-BAE12BA77D0A}.Debug|Any CPU.Build.0 = Debug|iPhone
		{2680429A-5BCE-4BF5-AC38-BAE12BA77D0A}.Debug|Any CPU.Deploy.0 = Debug|iPhone
		{2680429A-5BCE-4BF5-AC38-BAE12BA77D0A}.Debug|iPhone.ActiveCfg = Debug|iPhone
		{2680429A-5BCE-4BF5-AC38-BAE12BA77D0A}.Debug|iPhone.Build.0 = Debug|iPhone
		{2680429A-5BCE-4BF5-AC38-BAE12BA77D0A}.Debug|iPhone.Deploy.0 = Debug|iPhone
		{2680429A-5BCE-4BF5-AC38-BAE12BA77D0A}.Debug|iPhoneSimulator.ActiveCfg = Debug|iPhoneSimulator
		{2680429A-5BCE-4BF5-AC38-BAE12BA77D0A}.Debug|iPhoneSimulator.Build.0 = Debug|iPhoneSimulator
		{2680429A-5BCE-4BF5-AC38-BAE12BA77D0A}.Debug|iPhoneSimulator.Deploy.0 = Debug|iPhoneSimulator
		{2680429A-5BCE-4BF5-AC38-BAE12BA77D0A}.Release|Any CPU.ActiveCfg = Release|iPhoneSimulator
		{2680429A-5BCE-4BF5-AC38-BAE12BA77D0A}.Release|Any CPU.Build.0 = Release|iPhoneSimulator
		{2680429A-5BCE-4BF5-AC38-BAE12BA77D0A}.Release|Any CPU.Deploy.0 = Release|iPhoneSimulator
		{2680429A-5BCE-4BF5-AC38-BAE12BA77D0A}.Release|iPhone.ActiveCfg = Release|iPhone
		{2680429A-5BCE-4BF5-AC38-BAE12BA77D0A}.Release|iPhone.Build.0 = Release|iPhone
		{2680429A-5BCE-4BF5-AC38-BAE12BA77D0A}.Release|iPhone.Deploy.0 = Release|iPhone
		{2680429A-5BCE-4BF5-AC38-BAE12BA77D0A}.Release|iPhoneSimulator.ActiveCfg = Release|iPhoneSimulator
		{2680429A-5BCE-4BF5-AC38-BAE12BA77D0A}.Release|iPhoneSimulator.Build.0 = Release|iPhoneSimulator
		{2680429A-5BCE-4BF5-AC38-BAE12BA77D0A}.Release|iPhoneSimulator.Deploy.0 = Release|iPhoneSimulator
		{758A47AB-1F50-41DF-941D-1C17733C065A}.Debug|Any CPU.ActiveCfg = Debug|Any CPU
		{758A47AB-1F50-41DF-941D-1C17733C065A}.Debug|Any CPU.Build.0 = Debug|Any CPU
		{758A47AB-1F50-41DF-941D-1C17733C065A}.Debug|Any CPU.Deploy.0 = Debug|Any CPU
		{758A47AB-1F50-41DF-941D-1C17733C065A}.Debug|iPhone.ActiveCfg = Debug|Any CPU
		{758A47AB-1F50-41DF-941D-1C17733C065A}.Debug|iPhone.Build.0 = Debug|Any CPU
		{758A47AB-1F50-41DF-941D-1C17733C065A}.Debug|iPhone.Deploy.0 = Debug|Any CPU
		{758A47AB-1F50-41DF-941D-1C17733C065A}.Debug|iPhoneSimulator.ActiveCfg = Debug|Any CPU
		{758A47AB-1F50-41DF-941D-1C17733C065A}.Debug|iPhoneSimulator.Build.0 = Debug|Any CPU
		{758A47AB-1F50-41DF-941D-1C17733C065A}.Debug|iPhoneSimulator.Deploy.0 = Debug|Any CPU
		{758A47AB-1F50-41DF-941D-1C17733C065A}.Release|Any CPU.ActiveCfg = Release|Any CPU
		{758A47AB-1F50-41DF-941D-1C17733C065A}.Release|Any CPU.Build.0 = Release|Any CPU
		{758A47AB-1F50-41DF-941D-1C17733C065A}.Release|Any CPU.Deploy.0 = Release|Any CPU
		{758A47AB-1F50-41DF-941D-1C17733C065A}.Release|iPhone.ActiveCfg = Release|Any CPU
		{758A47AB-1F50-41DF-941D-1C17733C065A}.Release|iPhone.Build.0 = Release|Any CPU
		{758A47AB-1F50-41DF-941D-1C17733C065A}.Release|iPhone.Deploy.0 = Release|Any CPU
		{758A47AB-1F50-41DF-941D-1C17733C065A}.Release|iPhoneSimulator.ActiveCfg = Release|Any CPU
		{758A47AB-1F50-41DF-941D-1C17733C065A}.Release|iPhoneSimulator.Build.0 = Release|Any CPU
		{758A47AB-1F50-41DF-941D-1C17733C065A}.Release|iPhoneSimulator.Deploy.0 = Release|Any CPU
	EndGlobalSection
	GlobalSection(SolutionProperties) = preSolution
		HideSolutionNode = FALSE
	EndGlobalSection
	GlobalSection(ExtensibilityGlobals) = postSolution
		SolutionGuid = {220E3B4E-5C8F-4493-9E1E-D2CE81226C50}
	EndGlobalSection
EndGlobal
